// !$*UTF8*$!
{
	archiveVersion = 1;
	classes = {
	};
	objectVersion = 56;
	objects = {

/* Begin PBXBuildFile section */
		B6189EAA2939454500BA0B23 /* Deal_Or_No_DealApp.swift in Sources */ = {isa = PBXBuildFile; fileRef = B6189EA92939454500BA0B23 /* Deal_Or_No_DealApp.swift */; };
		B6189EAC2939454500BA0B23 /* ContentView.swift in Sources */ = {isa = PBXBuildFile; fileRef = B6189EAB2939454500BA0B23 /* ContentView.swift */; };
		B6189EAE2939454500BA0B23 /* Assets.xcassets in Resources */ = {isa = PBXBuildFile; fileRef = B6189EAD2939454500BA0B23 /* Assets.xcassets */; };
		B6189EB12939454500BA0B23 /* Preview Assets.xcassets in Resources */ = {isa = PBXBuildFile; fileRef = B6189EB02939454500BA0B23 /* Preview Assets.xcassets */; };
		B6189EBB2939454600BA0B23 /* Deal_Or_No_DealTests.swift in Sources */ = {isa = PBXBuildFile; fileRef = B6189EBA2939454600BA0B23 /* Deal_Or_No_DealTests.swift */; };
		B6189EC52939454600BA0B23 /* Deal_Or_No_DealUITests.swift in Sources */ = {isa = PBXBuildFile; fileRef = B6189EC42939454600BA0B23 /* Deal_Or_No_DealUITests.swift */; };
		B6189EC72939454600BA0B23 /* Deal_Or_No_DealUITestsLaunchTests.swift in Sources */ = {isa = PBXBuildFile; fileRef = B6189EC62939454600BA0B23 /* Deal_Or_No_DealUITestsLaunchTests.swift */; };
		B66A2DA9293A54CB000610CE /* Eurostile Extended.ttf in Resources */ = {isa = PBXBuildFile; fileRef = B66A2DA5293A54CB000610CE /* Eurostile Extended.ttf */; };
		B66A2DAA293A54CB000610CE /* EuroStyle.ttf in Resources */ = {isa = PBXBuildFile; fileRef = B66A2DA6293A54CB000610CE /* EuroStyle.ttf */; };
		B66A2DAB293A54CB000610CE /* Eurostile Bold.ttf in Resources */ = {isa = PBXBuildFile; fileRef = B66A2DA7293A54CB000610CE /* Eurostile Bold.ttf */; };
		B66A2DAC293A54CB000610CE /* Eurostile.ttf in Resources */ = {isa = PBXBuildFile; fileRef = B66A2DA8293A54CB000610CE /* Eurostile.ttf */; };
/* End PBXBuildFile section */

/* Begin PBXContainerItemProxy section */
		B6189EB72939454600BA0B23 /* PBXContainerItemProxy */ = {
			isa = PBXContainerItemProxy;
			containerPortal = B6189E9E2939454500BA0B23 /* Project object */;
			proxyType = 1;
			remoteGlobalIDString = B6189EA52939454500BA0B23;
			remoteInfo = "Deal Or No Deal";
		};
		B6189EC12939454600BA0B23 /* PBXContainerItemProxy */ = {
			isa = PBXContainerItemProxy;
			containerPortal = B6189E9E2939454500BA0B23 /* Project object */;
			proxyType = 1;
			remoteGlobalIDString = B6189EA52939454500BA0B23;
			remoteInfo = "Deal Or No Deal";
		};
/* End PBXContainerItemProxy section */

/* Begin PBXFileReference section */
		B6189EA62939454500BA0B23 /* Deal Or No Deal.app */ = {isa = PBXFileReference; explicitFileType = wrapper.application; includeInIndex = 0; path = "Deal Or No Deal.app"; sourceTree = BUILT_PRODUCTS_DIR; };
		B6189EA92939454500BA0B23 /* Deal_Or_No_DealApp.swift */ = {isa = PBXFileReference; lastKnownFileType = sourcecode.swift; path = Deal_Or_No_DealApp.swift; sourceTree = "<group>"; };
		B6189EAB2939454500BA0B23 /* ContentView.swift */ = {isa = PBXFileReference; lastKnownFileType = sourcecode.swift; path = ContentView.swift; sourceTree = "<group>"; };
		B6189EAD2939454500BA0B23 /* Assets.xcassets */ = {isa = PBXFileReference; lastKnownFileType = folder.assetcatalog; path = Assets.xcassets; sourceTree = "<group>"; };
		B6189EB02939454500BA0B23 /* Preview Assets.xcassets */ = {isa = PBXFileReference; lastKnownFileType = folder.assetcatalog; path = "Preview Assets.xcassets"; sourceTree = "<group>"; };
		B6189EB62939454600BA0B23 /* Deal Or No DealTests.xctest */ = {isa = PBXFileReference; explicitFileType = wrapper.cfbundle; includeInIndex = 0; path = "Deal Or No DealTests.xctest"; sourceTree = BUILT_PRODUCTS_DIR; };
		B6189EBA2939454600BA0B23 /* Deal_Or_No_DealTests.swift */ = {isa = PBXFileReference; lastKnownFileType = sourcecode.swift; path = Deal_Or_No_DealTests.swift; sourceTree = "<group>"; };
		B6189EC02939454600BA0B23 /* Deal Or No DealUITests.xctest */ = {isa = PBXFileReference; explicitFileType = wrapper.cfbundle; includeInIndex = 0; path = "Deal Or No DealUITests.xctest"; sourceTree = BUILT_PRODUCTS_DIR; };
		B6189EC42939454600BA0B23 /* Deal_Or_No_DealUITests.swift */ = {isa = PBXFileReference; lastKnownFileType = sourcecode.swift; path = Deal_Or_No_DealUITests.swift; sourceTree = "<group>"; };
		B6189EC62939454600BA0B23 /* Deal_Or_No_DealUITestsLaunchTests.swift */ = {isa = PBXFileReference; lastKnownFileType = sourcecode.swift; path = Deal_Or_No_DealUITestsLaunchTests.swift; sourceTree = "<group>"; };
		B66A2DA5293A54CB000610CE /* Eurostile Extended.ttf */ = {isa = PBXFileReference; lastKnownFileType = file; name = "Eurostile Extended.ttf"; path = "Eurostile Fonts/Eurostile Extended.ttf"; sourceTree = SOURCE_ROOT; };
		B66A2DA6293A54CB000610CE /* EuroStyle.ttf */ = {isa = PBXFileReference; lastKnownFileType = file; name = EuroStyle.ttf; path = "Eurostile Fonts/EuroStyle.ttf"; sourceTree = SOURCE_ROOT; };
		B66A2DA7293A54CB000610CE /* Eurostile Bold.ttf */ = {isa = PBXFileReference; lastKnownFileType = file; name = "Eurostile Bold.ttf"; path = "Eurostile Fonts/Eurostile Bold.ttf"; sourceTree = SOURCE_ROOT; };
		B66A2DA8293A54CB000610CE /* Eurostile.ttf */ = {isa = PBXFileReference; lastKnownFileType = file; name = Eurostile.ttf; path = "Eurostile Fonts/Eurostile.ttf"; sourceTree = SOURCE_ROOT; };
/* End PBXFileReference section */

/* Begin PBXFrameworksBuildPhase section */
		B6189EA32939454500BA0B23 /* Frameworks */ = {
			isa = PBXFrameworksBuildPhase;
			buildActionMask = 2147483647;
			files = (
			);
			runOnlyForDeploymentPostprocessing = 0;
		};
		B6189EB32939454600BA0B23 /* Frameworks */ = {
			isa = PBXFrameworksBuildPhase;
			buildActionMask = 2147483647;
			files = (
			);
			runOnlyForDeploymentPostprocessing = 0;
		};
		B6189EBD2939454600BA0B23 /* Frameworks */ = {
			isa = PBXFrameworksBuildPhase;
			buildActionMask = 2147483647;
			files = (
			);
			runOnlyForDeploymentPostprocessing = 0;
		};
/* End PBXFrameworksBuildPhase section */

/* Begin PBXGroup section */
		B6189E9D2939454500BA0B23 = {
			isa = PBXGroup;
			children = (
				B6189EA82939454500BA0B23 /* Deal Or No Deal */,
				B6189EB92939454600BA0B23 /* Deal Or No DealTests */,
				B6189EC32939454600BA0B23 /* Deal Or No DealUITests */,
				B6189EA72939454500BA0B23 /* Products */,
			);
			sourceTree = "<group>";
		};
		B6189EA72939454500BA0B23 /* Products */ = {
			isa = PBXGroup;
			children = (
				B6189EA62939454500BA0B23 /* Deal Or No Deal.app */,
				B6189EB62939454600BA0B23 /* Deal Or No DealTests.xctest */,
				B6189EC02939454600BA0B23 /* Deal Or No DealUITests.xctest */,
			);
			name = Products;
			sourceTree = "<group>";
		};
		B6189EA82939454500BA0B23 /* Deal Or No Deal */ = {
			isa = PBXGroup;
			children = (
				B6189EA92939454500BA0B23 /* Deal_Or_No_DealApp.swift */,
				B6189EAB2939454500BA0B23 /* ContentView.swift */,
				B66A2DA7293A54CB000610CE /* Eurostile Bold.ttf */,
				B66A2DA5293A54CB000610CE /* Eurostile Extended.ttf */,
				B66A2DA8293A54CB000610CE /* Eurostile.ttf */,
				B66A2DA6293A54CB000610CE /* EuroStyle.ttf */,
				B6189EAD2939454500BA0B23 /* Assets.xcassets */,
				B6189EAF2939454500BA0B23 /* Preview Content */,
			);
			path = "Deal Or No Deal";
			sourceTree = "<group>";
		};
		B6189EAF2939454500BA0B23 /* Preview Content */ = {
			isa = PBXGroup;
			children = (
				B6189EB02939454500BA0B23 /* Preview Assets.xcassets */,
			);
			path = "Preview Content";
			sourceTree = "<group>";
		};
		B6189EB92939454600BA0B23 /* Deal Or No DealTests */ = {
			isa = PBXGroup;
			children = (
				B6189EBA2939454600BA0B23 /* Deal_Or_No_DealTests.swift */,
			);
			path = "Deal Or No DealTests";
			sourceTree = "<group>";
		};
		B6189EC32939454600BA0B23 /* Deal Or No DealUITests */ = {
			isa = PBXGroup;
			children = (
				B6189EC42939454600BA0B23 /* Deal_Or_No_DealUITests.swift */,
				B6189EC62939454600BA0B23 /* Deal_Or_No_DealUITestsLaunchTests.swift */,
			);
			path = "Deal Or No DealUITests";
			sourceTree = "<group>";
		};
/* End PBXGroup section */

/* Begin PBXNativeTarget section */
		B6189EA52939454500BA0B23 /* Deal Or No Deal */ = {
			isa = PBXNativeTarget;
			buildConfigurationList = B6189ECA2939454600BA0B23 /* Build configuration list for PBXNativeTarget "Deal Or No Deal" */;
			buildPhases = (
				B6189EA22939454500BA0B23 /* Sources */,
				B6189EA32939454500BA0B23 /* Frameworks */,
				B6189EA42939454500BA0B23 /* Resources */,
			);
			buildRules = (
			);
			dependencies = (
			);
			name = "Deal Or No Deal";
			productName = "Deal Or No Deal";
			productReference = B6189EA62939454500BA0B23 /* Deal Or No Deal.app */;
			productType = "com.apple.product-type.application";
		};
		B6189EB52939454600BA0B23 /* Deal Or No DealTests */ = {
			isa = PBXNativeTarget;
			buildConfigurationList = B6189ECD2939454600BA0B23 /* Build configuration list for PBXNativeTarget "Deal Or No DealTests" */;
			buildPhases = (
				B6189EB22939454600BA0B23 /* Sources */,
				B6189EB32939454600BA0B23 /* Frameworks */,
				B6189EB42939454600BA0B23 /* Resources */,
			);
			buildRules = (
			);
			dependencies = (
				B6189EB82939454600BA0B23 /* PBXTargetDependency */,
			);
			name = "Deal Or No DealTests";
			productName = "Deal Or No DealTests";
			productReference = B6189EB62939454600BA0B23 /* Deal Or No DealTests.xctest */;
			productType = "com.apple.product-type.bundle.unit-test";
		};
		B6189EBF2939454600BA0B23 /* Deal Or No DealUITests */ = {
			isa = PBXNativeTarget;
			buildConfigurationList = B6189ED02939454600BA0B23 /* Build configuration list for PBXNativeTarget "Deal Or No DealUITests" */;
			buildPhases = (
				B6189EBC2939454600BA0B23 /* Sources */,
				B6189EBD2939454600BA0B23 /* Frameworks */,
				B6189EBE2939454600BA0B23 /* Resources */,
			);
			buildRules = (
			);
			dependencies = (
				B6189EC22939454600BA0B23 /* PBXTargetDependency */,
			);
			name = "Deal Or No DealUITests";
			productName = "Deal Or No DealUITests";
			productReference = B6189EC02939454600BA0B23 /* Deal Or No DealUITests.xctest */;
			productType = "com.apple.product-type.bundle.ui-testing";
		};
/* End PBXNativeTarget section */

/* Begin PBXProject section */
		B6189E9E2939454500BA0B23 /* Project object */ = {
			isa = PBXProject;
			attributes = {
				BuildIndependentTargetsInParallel = 1;
				LastSwiftUpdateCheck = 1400;
				LastUpgradeCheck = 1400;
				TargetAttributes = {
					B6189EA52939454500BA0B23 = {
						CreatedOnToolsVersion = 14.0;
					};
					B6189EB52939454600BA0B23 = {
						CreatedOnToolsVersion = 14.0;
						TestTargetID = B6189EA52939454500BA0B23;
					};
					B6189EBF2939454600BA0B23 = {
						CreatedOnToolsVersion = 14.0;
						TestTargetID = B6189EA52939454500BA0B23;
					};
				};
			};
			buildConfigurationList = B6189EA12939454500BA0B23 /* Build configuration list for PBXProject "Deal Or No Deal" */;
			compatibilityVersion = "Xcode 14.0";
			developmentRegion = en;
			hasScannedForEncodings = 0;
			knownRegions = (
				en,
				Base,
			);
			mainGroup = B6189E9D2939454500BA0B23;
			productRefGroup = B6189EA72939454500BA0B23 /* Products */;
			projectDirPath = "";
			projectRoot = "";
			targets = (
				B6189EA52939454500BA0B23 /* Deal Or No Deal */,
				B6189EB52939454600BA0B23 /* Deal Or No DealTests */,
				B6189EBF2939454600BA0B23 /* Deal Or No DealUITests */,
			);
		};
/* End PBXProject section */

/* Begin PBXResourcesBuildPhase section */
		B6189EA42939454500BA0B23 /* Resources */ = {
			isa = PBXResourcesBuildPhase;
			buildActionMask = 2147483647;
			files = (
				B66A2DA9293A54CB000610CE /* Eurostile Extended.ttf in Resources */,
				B66A2DAB293A54CB000610CE /* Eurostile Bold.ttf in Resources */,
				B66A2DAA293A54CB000610CE /* EuroStyle.ttf in Resources */,
				B6189EB12939454500BA0B23 /* Preview Assets.xcassets in Resources */,
				B6189EAE2939454500BA0B23 /* Assets.xcassets in Resources */,
				B66A2DAC293A54CB000610CE /* Eurostile.ttf in Resources */,
			);
			runOnlyForDeploymentPostprocessing = 0;
		};
		B6189EB42939454600BA0B23 /* Resources */ = {
			isa = PBXResourcesBuildPhase;
			buildActionMask = 2147483647;
			files = (
			);
			runOnlyForDeploymentPostprocessing = 0;
		};
		B6189EBE2939454600BA0B23 /* Resources */ = {
			isa = PBXResourcesBuildPhase;
			buildActionMask = 2147483647;
			files = (
			);
			runOnlyForDeploymentPostprocessing = 0;
		};
/* End PBXResourcesBuildPhase section */

/* Begin PBXSourcesBuildPhase section */
		B6189EA22939454500BA0B23 /* Sources */ = {
			isa = PBXSourcesBuildPhase;
			buildActionMask = 2147483647;
			files = (
				B6189EAC2939454500BA0B23 /* ContentView.swift in Sources */,
				B6189EAA2939454500BA0B23 /* Deal_Or_No_DealApp.swift in Sources */,
			);
			runOnlyForDeploymentPostprocessing = 0;
		};
		B6189EB22939454600BA0B23 /* Sources */ = {
			isa = PBXSourcesBuildPhase;
			buildActionMask = 2147483647;
			files = (
				B6189EBB2939454600BA0B23 /* Deal_Or_No_DealTests.swift in Sources */,
			);
			runOnlyForDeploymentPostprocessing = 0;
		};
		B6189EBC2939454600BA0B23 /* Sources */ = {
			isa = PBXSourcesBuildPhase;
			buildActionMask = 2147483647;
			files = (
				B6189EC72939454600BA0B23 /* Deal_Or_No_DealUITestsLaunchTests.swift in Sources */,
				B6189EC52939454600BA0B23 /* Deal_Or_No_DealUITests.swift in Sources */,
			);
			runOnlyForDeploymentPostprocessing = 0;
		};
/* End PBXSourcesBuildPhase section */

/* Begin PBXTargetDependency section */
		B6189EB82939454600BA0B23 /* PBXTargetDependency */ = {
			isa = PBXTargetDependency;
			target = B6189EA52939454500BA0B23 /* Deal Or No Deal */;
			targetProxy = B6189EB72939454600BA0B23 /* PBXContainerItemProxy */;
		};
		B6189EC22939454600BA0B23 /* PBXTargetDependency */ = {
			isa = PBXTargetDependency;
			target = B6189EA52939454500BA0B23 /* Deal Or No Deal */;
			targetProxy = B6189EC12939454600BA0B23 /* PBXContainerItemProxy */;
		};
/* End PBXTargetDependency section */

/* Begin XCBuildConfiguration section */
		B6189EC82939454600BA0B23 /* Debug */ = {
			isa = XCBuildConfiguration;
			buildSettings = {
				ALWAYS_SEARCH_USER_PATHS = NO;
				CLANG_ANALYZER_NONNULL = YES;
				CLANG_ANALYZER_NUMBER_OBJECT_CONVERSION = YES_AGGRESSIVE;
				CLANG_CXX_LANGUAGE_STANDARD = "gnu++20";
				CLANG_ENABLE_MODULES = YES;
				CLANG_ENABLE_OBJC_ARC = YES;
				CLANG_ENABLE_OBJC_WEAK = YES;
				CLANG_WARN_BLOCK_CAPTURE_AUTORELEASING = YES;
				CLANG_WARN_BOOL_CONVERSION = YES;
				CLANG_WARN_COMMA = YES;
				CLANG_WARN_CONSTANT_CONVERSION = YES;
				CLANG_WARN_DEPRECATED_OBJC_IMPLEMENTATIONS = YES;
				CLANG_WARN_DIRECT_OBJC_ISA_USAGE = YES_ERROR;
				CLANG_WARN_DOCUMENTATION_COMMENTS = YES;
				CLANG_WARN_EMPTY_BODY = YES;
				CLANG_WARN_ENUM_CONVERSION = YES;
				CLANG_WARN_INFINITE_RECURSION = YES;
				CLANG_WARN_INT_CONVERSION = YES;
				CLANG_WARN_NON_LITERAL_NULL_CONVERSION = YES;
				CLANG_WARN_OBJC_IMPLICIT_RETAIN_SELF = YES;
				CLANG_WARN_OBJC_LITERAL_CONVERSION = YES;
				CLANG_WARN_OBJC_ROOT_CLASS = YES_ERROR;
				CLANG_WARN_QUOTED_INCLUDE_IN_FRAMEWORK_HEADER = YES;
				CLANG_WARN_RANGE_LOOP_ANALYSIS = YES;
				CLANG_WARN_STRICT_PROTOTYPES = YES;
				CLANG_WARN_SUSPICIOUS_MOVE = YES;
				CLANG_WARN_UNGUARDED_AVAILABILITY = YES_AGGRESSIVE;
				CLANG_WARN_UNREACHABLE_CODE = YES;
				CLANG_WARN__DUPLICATE_METHOD_MATCH = YES;
				COPY_PHASE_STRIP = NO;
				DEBUG_INFORMATION_FORMAT = dwarf;
				ENABLE_STRICT_OBJC_MSGSEND = YES;
				ENABLE_TESTABILITY = YES;
				GCC_C_LANGUAGE_STANDARD = gnu11;
				GCC_DYNAMIC_NO_PIC = NO;
				GCC_NO_COMMON_BLOCKS = YES;
				GCC_OPTIMIZATION_LEVEL = 0;
				GCC_PREPROCESSOR_DEFINITIONS = (
					"DEBUG=1",
					"$(inherited)",
				);
				GCC_WARN_64_TO_32_BIT_CONVERSION = YES;
				GCC_WARN_ABOUT_RETURN_TYPE = YES_ERROR;
				GCC_WARN_UNDECLARED_SELECTOR = YES;
				GCC_WARN_UNINITIALIZED_AUTOS = YES_AGGRESSIVE;
				GCC_WARN_UNUSED_FUNCTION = YES;
				GCC_WARN_UNUSED_VARIABLE = YES;
				IPHONEOS_DEPLOYMENT_TARGET = 16.0;
				MTL_ENABLE_DEBUG_INFO = INCLUDE_SOURCE;
				MTL_FAST_MATH = YES;
				ONLY_ACTIVE_ARCH = YES;
				SDKROOT = iphoneos;
				SWIFT_ACTIVE_COMPILATION_CONDITIONS = DEBUG;
				SWIFT_OPTIMIZATION_LEVEL = "-Onone";
			};
			name = Debug;
		};
		B6189EC92939454600BA0B23 /* Release */ = {
			isa = XCBuildConfiguration;
			buildSettings = {
				ALWAYS_SEARCH_USER_PATHS = NO;
				CLANG_ANALYZER_NONNULL = YES;
				CLANG_ANALYZER_NUMBER_OBJECT_CONVERSION = YES_AGGRESSIVE;
				CLANG_CXX_LANGUAGE_STANDARD = "gnu++20";
				CLANG_ENABLE_MODULES = YES;
				CLANG_ENABLE_OBJC_ARC = YES;
				CLANG_ENABLE_OBJC_WEAK = YES;
				CLANG_WARN_BLOCK_CAPTURE_AUTORELEASING = YES;
				CLANG_WARN_BOOL_CONVERSION = YES;
				CLANG_WARN_COMMA = YES;
				CLANG_WARN_CONSTANT_CONVERSION = YES;
				CLANG_WARN_DEPRECATED_OBJC_IMPLEMENTATIONS = YES;
				CLANG_WARN_DIRECT_OBJC_ISA_USAGE = YES_ERROR;
				CLANG_WARN_DOCUMENTATION_COMMENTS = YES;
				CLANG_WARN_EMPTY_BODY = YES;
				CLANG_WARN_ENUM_CONVERSION = YES;
				CLANG_WARN_INFINITE_RECURSION = YES;
				CLANG_WARN_INT_CONVERSION = YES;
				CLANG_WARN_NON_LITERAL_NULL_CONVERSION = YES;
				CLANG_WARN_OBJC_IMPLICIT_RETAIN_SELF = YES;
				CLANG_WARN_OBJC_LITERAL_CONVERSION = YES;
				CLANG_WARN_OBJC_ROOT_CLASS = YES_ERROR;
				CLANG_WARN_QUOTED_INCLUDE_IN_FRAMEWORK_HEADER = YES;
				CLANG_WARN_RANGE_LOOP_ANALYSIS = YES;
				CLANG_WARN_STRICT_PROTOTYPES = YES;
				CLANG_WARN_SUSPICIOUS_MOVE = YES;
				CLANG_WARN_UNGUARDED_AVAILABILITY = YES_AGGRESSIVE;
				CLANG_WARN_UNREACHABLE_CODE = YES;
				CLANG_WARN__DUPLICATE_METHOD_MATCH = YES;
				COPY_PHASE_STRIP = NO;
				DEBUG_INFORMATION_FORMAT = "dwarf-with-dsym";
				ENABLE_NS_ASSERTIONS = NO;
				ENABLE_STRICT_OBJC_MSGSEND = YES;
				GCC_C_LANGUAGE_STANDARD = gnu11;
				GCC_NO_COMMON_BLOCKS = YES;
				GCC_WARN_64_TO_32_BIT_CONVERSION = YES;
				GCC_WARN_ABOUT_RETURN_TYPE = YES_ERROR;
				GCC_WARN_UNDECLARED_SELECTOR = YES;
				GCC_WARN_UNINITIALIZED_AUTOS = YES_AGGRESSIVE;
				GCC_WARN_UNUSED_FUNCTION = YES;
				GCC_WARN_UNUSED_VARIABLE = YES;
				IPHONEOS_DEPLOYMENT_TARGET = 16.0;
				MTL_ENABLE_DEBUG_INFO = NO;
				MTL_FAST_MATH = YES;
				SDKROOT = iphoneos;
				SWIFT_COMPILATION_MODE = wholemodule;
				SWIFT_OPTIMIZATION_LEVEL = "-O";
				VALIDATE_PRODUCT = YES;
			};
			name = Release;
		};
		B6189ECB2939454600BA0B23 /* Debug */ = {
			isa = XCBuildConfiguration;
			buildSettings = {
				ASSETCATALOG_COMPILER_APPICON_NAME = AppIcon;
				ASSETCATALOG_COMPILER_GLOBAL_ACCENT_COLOR_NAME = AccentColor;
				CODE_SIGN_STYLE = Automatic;
				CURRENT_PROJECT_VERSION = 1;
				DEVELOPMENT_ASSET_PATHS = "\"Deal Or No Deal/Preview Content\"";
				DEVELOPMENT_TEAM = Y9QJ22KDW7;
				ENABLE_PREVIEWS = YES;
				GENERATE_INFOPLIST_FILE = YES;
				INFOPLIST_FILE = "Deal-Or-No-Deal-Info.plist";
				INFOPLIST_KEY_UIApplicationSceneManifest_Generation = YES;
				INFOPLIST_KEY_UIApplicationSupportsIndirectInputEvents = YES;
				INFOPLIST_KEY_UILaunchScreen_Generation = YES;
				INFOPLIST_KEY_UISupportedInterfaceOrientations_iPad = "UIInterfaceOrientationPortrait UIInterfaceOrientationPortraitUpsideDown UIInterfaceOrientationLandscapeLeft UIInterfaceOrientationLandscapeRight";
				INFOPLIST_KEY_UISupportedInterfaceOrientations_iPhone = "UIInterfaceOrientationPortrait UIInterfaceOrientationLandscapeLeft UIInterfaceOrientationLandscapeRight";
				LD_RUNPATH_SEARCH_PATHS = (
					"$(inherited)",
					"@executable_path/Frameworks",
				);
				MARKETING_VERSION = 1.0;
				PRODUCT_BUNDLE_IDENTIFIER = "L.Deal-Or-No-Deal";
				PRODUCT_NAME = "$(TARGET_NAME)";
				SWIFT_EMIT_LOC_STRINGS = YES;
				SWIFT_VERSION = 5.0;
				TARGETED_DEVICE_FAMILY = "1,2";
			};
			name = Debug;
		};
		B6189ECC2939454600BA0B23 /* Release */ = {
			isa = XCBuildConfiguration;
			buildSettings = {
				ASSETCATALOG_COMPILER_APPICON_NAME = AppIcon;
				ASSETCATALOG_COMPILER_GLOBAL_ACCENT_COLOR_NAME = AccentColor;
				CODE_SIGN_STYLE = Automatic;
				CURRENT_PROJECT_VERSION = 1;
				DEVELOPMENT_ASSET_PATHS = "\"Deal Or No Deal/Preview Content\"";
				DEVELOPMENT_TEAM = Y9QJ22KDW7;
				ENABLE_PREVIEWS = YES;
				GENERATE_INFOPLIST_FILE = YES;
				INFOPLIST_FILE = "Deal-Or-No-Deal-Info.plist";
				INFOPLIST_KEY_UIApplicationSceneManifest_Generation = YES;
				INFOPLIST_KEY_UIApplicationSupportsIndirectInputEvents = YES;
				INFOPLIST_KEY_UILaunchScreen_Generation = YES;
				INFOPLIST_KEY_UISupportedInterfaceOrientations_iPad = "UIInterfaceOrientationPortrait UIInterfaceOrientationPortraitUpsideDown UIInterfaceOrientationLandscapeLeft UIInterfaceOrientationLandscapeRight";
				INFOPLIST_KEY_UISupportedInterfaceOrientations_iPhone = "UIInterfaceOrientationPortrait UIInterfaceOrientationLandscapeLeft UIInterfaceOrientationLandscapeRight";
				LD_RUNPATH_SEARCH_PATHS = (
					"$(inherited)",
					"@executable_path/Frameworks",
				);
				MARKETING_VERSION = 1.0;
				PRODUCT_BUNDLE_IDENTIFIER = "L.Deal-Or-No-Deal";
				PRODUCT_NAME = "$(TARGET_NAME)";
				SWIFT_EMIT_LOC_STRINGS = YES;
				SWIFT_VERSION = 5.0;
				TARGETED_DEVICE_FAMILY = "1,2";
			};
			name = Release;
		};
		B6189ECE2939454600BA0B23 /* Debug */ = {
			isa = XCBuildConfiguration;
			buildSettings = {
				ALWAYS_EMBED_SWIFT_STANDARD_LIBRARIES = YES;
				BUNDLE_LOADER = "$(TEST_HOST)";
				CODE_SIGN_STYLE = Automatic;
				CURRENT_PROJECT_VERSION = 1;
				DEVELOPMENT_TEAM = Y9QJ22KDW7;
				GENERATE_INFOPLIST_FILE = YES;
				IPHONEOS_DEPLOYMENT_TARGET = 16.0;
				MARKETING_VERSION = 1.0;
				PRODUCT_BUNDLE_IDENTIFIER = "L.Deal-Or-No-DealTests";
				PRODUCT_NAME = "$(TARGET_NAME)";
				SWIFT_EMIT_LOC_STRINGS = NO;
				SWIFT_VERSION = 5.0;
				TARGETED_DEVICE_FAMILY = "1,2";
				TEST_HOST = "$(BUILT_PRODUCTS_DIR)/Deal Or No Deal.app/$(BUNDLE_EXECUTABLE_FOLDER_PATH)/Deal Or No Deal";
			};
			name = Debug;
		};
		B6189ECF2939454600BA0B23 /* Release */ = {
			isa = XCBuildConfiguration;
			buildSettings = {
				ALWAYS_EMBED_SWIFT_STANDARD_LIBRARIES = YES;
				BUNDLE_LOADER = "$(TEST_HOST)";
				CODE_SIGN_STYLE = Automatic;
				CURRENT_PROJECT_VERSION = 1;
				DEVELOPMENT_TEAM = Y9QJ22KDW7;
				GENERATE_INFOPLIST_FILE = YES;
				IPHONEOS_DEPLOYMENT_TARGET = 16.0;
				MARKETING_VERSION = 1.0;
				PRODUCT_BUNDLE_IDENTIFIER = "L.Deal-Or-No-DealTests";
				PRODUCT_NAME = "$(TARGET_NAME)";
				SWIFT_EMIT_LOC_STRINGS = NO;
				SWIFT_VERSION = 5.0;
				TARGETED_DEVICE_FAMILY = "1,2";
				TEST_HOST = "$(BUILT_PRODUCTS_DIR)/Deal Or No Deal.app/$(BUNDLE_EXECUTABLE_FOLDER_PATH)/Deal Or No Deal";
			};
			name = Release;
		};
		B6189ED12939454600BA0B23 /* Debug */ = {
			isa = XCBuildConfiguration;
			buildSettings = {
				ALWAYS_EMBED_SWIFT_STANDARD_LIBRARIES = YES;
				CODE_SIGN_STYLE = Automatic;
				CURRENT_PROJECT_VERSION = 1;
				DEVELOPMENT_TEAM = Y9QJ22KDW7;
				GENERATE_INFOPLIST_FILE = YES;
				MARKETING_VERSION = 1.0;
				PRODUCT_BUNDLE_IDENTIFIER = "L.Deal-Or-No-DealUITests";
				PRODUCT_NAME = "$(TARGET_NAME)";
				SWIFT_EMIT_LOC_STRINGS = NO;
				SWIFT_VERSION = 5.0;
				TARGETED_DEVICE_FAMILY = "1,2";
				TEST_TARGET_NAME = "Deal Or No Deal";
			};
			name = Debug;
		};
		B6189ED22939454600BA0B23 /* Release */ = {
			isa = XCBuildConfiguration;
			buildSettings = {
				ALWAYS_EMBED_SWIFT_STANDARD_LIBRARIES = YES;
				CODE_SIGN_STYLE = Automatic;
				CURRENT_PROJECT_VERSION = 1;
				DEVELOPMENT_TEAM = Y9QJ22KDW7;
				GENERATE_INFOPLIST_FILE = YES;
				MARKETING_VERSION = 1.0;
				PRODUCT_BUNDLE_IDENTIFIER = "L.Deal-Or-No-DealUITests";
				PRODUCT_NAME = "$(TARGET_NAME)";
				SWIFT_EMIT_LOC_STRINGS = NO;
				SWIFT_VERSION = 5.0;
				TARGETED_DEVICE_FAMILY = "1,2";
				TEST_TARGET_NAME = "Deal Or No Deal";
			};
			name = Release;
		};
/* End XCBuildConfiguration section */

/* Begin XCConfigurationList section */
		B6189EA12939454500BA0B23 /* Build configuration list for PBXProject "Deal Or No Deal" */ = {
			isa = XCConfigurationList;
			buildConfigurations = (
				B6189EC82939454600BA0B23 /* Debug */,
				B6189EC92939454600BA0B23 /* Release */,
			);
			defaultConfigurationIsVisible = 0;
			defaultConfigurationName = Release;
		};
		B6189ECA2939454600BA0B23 /* Build configuration list for PBXNativeTarget "Deal Or No Deal" */ = {
			isa = XCConfigurationList;
			buildConfigurations = (
				B6189ECB2939454600BA0B23 /* Debug */,
				B6189ECC2939454600BA0B23 /* Release */,
			);
			defaultConfigurationIsVisible = 0;
			defaultConfigurationName = Release;
		};
		B6189ECD2939454600BA0B23 /* Build configuration list for PBXNativeTarget "Deal Or No DealTests" */ = {
			isa = XCConfigurationList;
			buildConfigurations = (
				B6189ECE2939454600BA0B23 /* Debug */,
				B6189ECF2939454600BA0B23 /* Release */,
			);
			defaultConfigurationIsVisible = 0;
			defaultConfigurationName = Release;
		};
		B6189ED02939454600BA0B23 /* Build configuration list for PBXNativeTarget "Deal Or No DealUITests" */ = {
			isa = XCConfigurationList;
			buildConfigurations = (
				B6189ED12939454600BA0B23 /* Debug */,
				B6189ED22939454600BA0B23 /* Release */,
			);
			defaultConfigurationIsVisible = 0;
			defaultConfigurationName = Release;
		};
/* End XCConfigurationList section */
	};
	rootObject = B6189E9E2939454500BA0B23 /* Project object */;
}
